# @generated - this file is auto-generated by `mise lock` https://mise.jdx.dev/dev-tools/mise-lock.html

lockfile_version = 2

[[tools.actionlint]]
version = "1.7.12"
backend = "aqua:rhysd/actionlint"
specifiers = ["1.7.12"]

[tools.actionlint."platforms.linux-x64"]
checksum = "sha256:8aca8db96f1b94770f1b0d72b6dddcb1ebb8123cb3712530b08cc387b349a3d8"
url = "https://github.com/rhysd/actionlint/releases/download/v1.7.12/actionlint_1.7.12_linux_amd64.tar.gz"
url_api = "https://api.github.com/repos/rhysd/actionlint/releases/assets/384924896"
provenance = "github-attestations"

[tools.actionlint."platforms.macos-arm64"]
checksum = "sha256:aba9ced2dee8d27fecca3dc7feb1a7f9a52caefa1eb46f3271ea66b6e0e6953f"
url = "https://github.com/rhysd/actionlint/releases/download/v1.7.12/actionlint_1.7.12_darwin_arm64.tar.gz"
url_api = "https://api.github.com/repos/rhysd/actionlint/releases/assets/384924893"
provenance = "github-attestations"

[[tools."aqua:nextest-rs/nextest/cargo-nextest"]]
version = "0.9.146"
backend = "aqua:nextest-rs/nextest/cargo-nextest"
specifiers = ["0.9.146"]

[tools."aqua:nextest-rs/nextest/cargo-nextest"."platforms.linux-x64"]
checksum = "sha256:682c21b777c333e96fd532e114d3a5a894e0729ab88d94c0a9f20f8419695428"
url = "https://github.com/nextest-rs/nextest/releases/download/cargo-nextest-0.9.146/cargo-nextest-0.9.146-x86_64-unknown-linux-gnu.tar.gz"
url_api = "https://api.github.com/repos/nextest-rs/nextest/releases/assets/579609342"

[tools."aqua:nextest-rs/nextest/cargo-nextest"."platforms.macos-arm64"]
checksum = "sha256:39785160b3c2f6ed9a765049cf4fa79f3b39aa02eb7598a5a0e2a1a0b9ffb9a8"
url = "https://github.com/nextest-rs/nextest/releases/download/cargo-nextest-0.9.146/cargo-nextest-0.9.146-universal-apple-darwin.tar.gz"
url_api = "https://api.github.com/repos/nextest-rs/nextest/releases/assets/579630774"

[[tools."aqua:taiki-e/cargo-llvm-cov"]]
version = "0.9.1"
backend = "aqua:taiki-e/cargo-llvm-cov"
specifiers = ["0.9.1"]

[tools."aqua:taiki-e/cargo-llvm-cov"."platforms.linux-x64"]
checksum = "sha256:b3f68e625481fed9b16444174f3fa5ebcdbde4a1878803a35eabe2dcefcdc41a"
url = "https://github.com/taiki-e/cargo-llvm-cov/releases/download/v0.9.1/cargo-llvm-cov-x86_64-unknown-linux-gnu.tar.gz"
url_api = "https://api.github.com/repos/taiki-e/cargo-llvm-cov/releases/assets/547403171"
provenance = "github-attestations"

[tools."aqua:taiki-e/cargo-llvm-cov"."platforms.macos-arm64"]
checksum = "sha256:7e821a6c90c0884f79f759f5d9be50799ade67bb82515186d922f26032ef43b8"
url = "https://github.com/taiki-e/cargo-llvm-cov/releases/download/v0.9.1/cargo-llvm-cov-aarch64-apple-darwin.tar.gz"
url_api = "https://api.github.com/repos/taiki-e/cargo-llvm-cov/releases/assets/547403359"
provenance = "github-attestations"

[[tools.cargo-deny]]
version = "0.20.2"
backend = "aqua:EmbarkStudios/cargo-deny"
specifiers = ["0.20.2"]

[tools.cargo-deny."platforms.linux-x64"]
checksum = "sha256:9f12ed4c49936e09b48bf862b595cde2fe64fcbd9d74dfacac6131ca824c8d5f"
url = "https://github.com/EmbarkStudios/cargo-deny/releases/download/0.20.2/cargo-deny-0.20.2-x86_64-unknown-linux-musl.tar.gz"
url_api = "https://api.github.com/repos/EmbarkStudios/cargo-deny/releases/assets/471598214"

[tools.cargo-deny."platforms.macos-arm64"]
checksum = "sha256:fe67d82a10d8597a3549364cb733a3f9cc1bfff9031b7ae46384a9f2a72090c3"
url = "https://github.com/EmbarkStudios/cargo-deny/releases/download/0.20.2/cargo-deny-0.20.2-aarch64-apple-darwin.tar.gz"
url_api = "https://api.github.com/repos/EmbarkStudios/cargo-deny/releases/assets/471597689"

[[tools.committed]]
version = "1.1.11"
backend = "aqua:crate-ci/committed"
specifiers = ["1.1.11"]

[tools.committed."platforms.linux-x64"]
checksum = "sha256:1e5c20049eeaa4633e6798283913f92dc90a97f2b5c6dfc28e8c4b7e77a67157"
url = "https://github.com/crate-ci/committed/releases/download/v1.1.11/committed-v1.1.11-x86_64-unknown-linux-musl.tar.gz"
url_api = "https://api.github.com/repos/crate-ci/committed/releases/assets/361544963"

[tools.committed."platforms.macos-arm64"]
checksum = "sha256:b1718d951c8a90539ffb7a81145fdadf81c6c9a1f17560be433a74c5b3f7bfca"
url = "https://github.com/crate-ci/committed/releases/download/v1.1.11/committed-v1.1.11-x86_64-apple-darwin.tar.gz"
url_api = "https://api.github.com/repos/crate-ci/committed/releases/assets/361544941"

[[tools."github:bnjbvr/cargo-machete"]]
version = "0.9.2"
backend = "github:bnjbvr/cargo-machete"
specifiers = ["0.9.2"]

[tools."github:bnjbvr/cargo-machete"."platforms.linux-x64"]
checksum = "sha256:48200087f54c55aabcd4db4af1e25742b49846c02a1b1bfa134711945b35b2e9"
url = "https://github.com/bnjbvr/cargo-machete/releases/download/v0.9.2/cargo-machete-v0.9.2-x86_64-unknown-linux-musl.tar.gz"
url_api = "https://api.github.com/repos/bnjbvr/cargo-machete/releases/assets/397131172"

[tools."github:bnjbvr/cargo-machete"."platforms.macos-arm64"]
checksum = "sha256:63e28fee386d82d33f2d12406c857f98e2d4697f3f7df7f71f34dff07fca0fde"
url = "https://github.com/bnjbvr/cargo-machete/releases/download/v0.9.2/cargo-machete-v0.9.2-aarch64-apple-darwin.tar.gz"
url_api = "https://api.github.com/repos/bnjbvr/cargo-machete/releases/assets/397131114"

[[tools."github:rust-fuzz/cargo-fuzz"]]
version = "0.13.2"
backend = "github:rust-fuzz/cargo-fuzz"
specifiers = ["0.13.2"]

[tools."github:rust-fuzz/cargo-fuzz"."platforms.linux-x64"]
checksum = "sha256:b5b704018b63e0f151c17a057ac53b5111e1db545d1b9f72fee79f08a545931c"
url = "https://github.com/rust-fuzz/cargo-fuzz/releases/download/0.13.2/cargo-fuzz-0.13.2-x86_64-unknown-linux-musl.tar.gz"
url_api = "https://api.github.com/repos/rust-fuzz/cargo-fuzz/releases/assets/442959815"

[[tools."github:sourcefrog/cargo-mutants"]]
version = "27.1.0"
backend = "github:sourcefrog/cargo-mutants"
specifiers = ["27.1.0"]

[tools."github:sourcefrog/cargo-mutants"."platforms.linux-x64"]
checksum = "sha256:dfe6dc37d0342c891d2829b5a695aa57c2d0edecef7e7d0399a30cc6e206411e"
url = "https://github.com/sourcefrog/cargo-mutants/releases/download/v27.1.0/cargo-mutants-x86_64-unknown-linux-gnu.tar.gz"
url_api = "https://api.github.com/repos/sourcefrog/cargo-mutants/releases/assets/436335520"

[[tools."github:taiki-e/cargo-hack"]]
version = "0.6.45"
backend = "github:taiki-e/cargo-hack"
specifiers = ["0.6.45"]

[tools."github:taiki-e/cargo-hack"."platforms.linux-x64"]
checksum = "sha256:16394b932180a4ae509a22b3b8294fc2525573d8592420133c428457ed676d5d"
url = "https://github.com/taiki-e/cargo-hack/releases/download/v0.6.45/cargo-hack-x86_64-unknown-linux-gnu.tar.gz"
url_api = "https://api.github.com/repos/taiki-e/cargo-hack/releases/assets/433843006"
provenance = "github-attestations"

[tools."github:taiki-e/cargo-hack"."platforms.macos-arm64"]
checksum = "sha256:af0ab90e56aa716ae9f545a93e4338d4f36525e187d367b6519da71b60249b50"
url = "https://github.com/taiki-e/cargo-hack/releases/download/v0.6.45/cargo-hack-aarch64-apple-darwin.tar.gz"
url_api = "https://api.github.com/repos/taiki-e/cargo-hack/releases/assets/433843066"
provenance = "github-attestations"

[[tools.just]]
version = "1.58.0"
backend = "aqua:casey/just"
specifiers = ["1.58.0"]

[tools.just."platforms.linux-x64"]
checksum = "sha256:4a5cc2f53e6f0f8c59092a6cc38291eb729d46a7dd95d3ae582008881b84931d"
url = "https://github.com/casey/just/releases/download/1.58.0/just-1.58.0-x86_64-unknown-linux-musl.tar.gz"
url_api = "https://api.github.com/repos/casey/just/releases/assets/500509978"

[tools.just."platforms.macos-arm64"]
checksum = "sha256:50ae3e996c974a0bf32ea7d10f495070df33f1b43e0616b2769e3d4821ed8f48"
url = "https://github.com/casey/just/releases/download/1.58.0/just-1.58.0-aarch64-apple-darwin.tar.gz"
url_api = "https://api.github.com/repos/casey/just/releases/assets/500509965"

[[tools.pinact]]
version = "5.0.0"
backend = "aqua:suzuki-shunsuke/pinact"
specifiers = ["5.0.0"]

[tools.pinact."platforms.linux-x64"]
checksum = "sha256:d005bbb85da80dacdc07816f24a5da723a9f6d1e9f3d3e7e73df33f9caa1358f"
url = "https://github.com/suzuki-shunsuke/pinact/releases/download/v5.0.0/pinact_linux_amd64.tar.gz"
url_api = "https://api.github.com/repos/suzuki-shunsuke/pinact/releases/assets/558638065"
provenance = "github-attestations"

[tools.pinact."platforms.macos-arm64"]
checksum = "sha256:3437ebfc9db720e431e86fd03ed19173b88dcb80b0f177d11a892126108661b5"
url = "https://github.com/suzuki-shunsuke/pinact/releases/download/v5.0.0/pinact_darwin_arm64.tar.gz"
url_api = "https://api.github.com/repos/suzuki-shunsuke/pinact/releases/assets/558638064"
provenance = "github-attestations"

[[tools.shellcheck]]
version = "0.11.0"
backend = "aqua:koalaman/shellcheck"
specifiers = ["0.11.0"]

[tools.shellcheck."platforms.linux-x64"]
checksum = "sha256:8c3be12b05d5c177a04c29e3c78ce89ac86f1595681cab149b65b97c4e227198"
url = "https://github.com/koalaman/shellcheck/releases/download/v0.11.0/shellcheck-v0.11.0.linux.x86_64.tar.xz"
url_api = "https://api.github.com/repos/koalaman/shellcheck/releases/assets/279056942"

[tools.shellcheck."platforms.macos-arm64"]
checksum = "sha256:56affdd8de5527894dca6dc3d7e0a99a873b0f004d7aabc30ae407d3f48b0a79"
url = "https://github.com/koalaman/shellcheck/releases/download/v0.11.0/shellcheck-v0.11.0.darwin.aarch64.tar.xz"
url_api = "https://api.github.com/repos/koalaman/shellcheck/releases/assets/279056932"

[[tools.taplo]]
version = "0.10.0"
backend = "aqua:tamasfe/taplo"
specifiers = ["0.10.0"]

[tools.taplo."platforms.linux-x64"]
checksum = "sha256:8fe196b894ccf9072f98d4e1013a180306e17d244830b03986ee5e8eabeb6156"
url = "https://github.com/tamasfe/taplo/releases/download/0.10.0/taplo-linux-x86_64.gz"
url_api = "https://api.github.com/repos/tamasfe/taplo/releases/assets/257322600"

[tools.taplo."platforms.macos-arm64"]
checksum = "sha256:713734314c3e71894b9e77513c5349835eefbd52908445a0d73b0c7dc469347d"
url = "https://github.com/tamasfe/taplo/releases/download/0.10.0/taplo-darwin-aarch64.gz"
url_api = "https://api.github.com/repos/tamasfe/taplo/releases/assets/257323110"

[[tools.typos]]
version = "1.50.2"
backend = "aqua:crate-ci/typos"
specifiers = ["1.50.2"]

[tools.typos."platforms.linux-x64"]
checksum = "sha256:abcb3e257c7c2abeff4d903f7fe68071357637605bdb283ce2251f44bc70dc09"
url = "https://github.com/crate-ci/typos/releases/download/v1.50.2/typos-v1.50.2-x86_64-unknown-linux-musl.tar.gz"
url_api = "https://api.github.com/repos/crate-ci/typos/releases/assets/565795694"

[tools.typos."platforms.macos-arm64"]
checksum = "sha256:70d61e9d682034133f0aa56f5a02bae0de168495f3cce62a87054aa7186c1901"
url = "https://github.com/crate-ci/typos/releases/download/v1.50.2/typos-v1.50.2-aarch64-apple-darwin.tar.gz"
url_api = "https://api.github.com/repos/crate-ci/typos/releases/assets/565802016"
